# THIS IS AN AUTOGENERATED FILE. DO NOT EDIT THIS FILE DIRECTLY.
# yarn lockfile v1


"@lukeed/ms@^2.0.2":
  version "2.0.2"
  resolved "https://registry.yarnpkg.com/@lukeed/ms/-/ms-2.0.2.tgz#07f09e59a74c52f4d88c6db5c1054e819538e2a8"
  integrity sha512-9I2Zn6+NJLfaGoz9jN3lpwDgAYvfGeNYdbAIjJOqzs4Tpc+VU3Jqq4IofSUBKajiDS8k9fZIg18/z13mpk1bsA==

"@poppinss/exception@^1.2.1":
  version "1.2.1"
  resolved "https://registry.yarnpkg.com/@poppinss/exception/-/exception-1.2.1.tgz#8a5f2120fabb64a99772166d537d8a97490209ff"
  integrity sha512-aQypoot0HPSJa6gDPEPTntc1GT6QINrSbgRlRhadGW2WaYqUK3tK4Bw9SBMZXhmxd3GeAlZjVcODHgiu+THY7A==

"@poppinss/inspect@^1.0.1":
  version "1.0.1"
  resolved "https://registry.yarnpkg.com/@poppinss/inspect/-/inspect-1.0.1.tgz#b03df9c1204ee72e3b9dbd5c34029c39475fb21d"
  integrity sha512-kLeEaBSGhlleyYvKc7c9s3uE6xv7cwyulE0EgHf4jU/CL96h0yC4mkdw1wvC1l1PYYQozCGy46FwMBAAMOobCA==

"@poppinss/macroable@^1.0.4":
  version "1.0.4"
  resolved "https://registry.yarnpkg.com/@poppinss/macroable/-/macroable-1.0.4.tgz#ccf1b997fdef091747cad37a5f75976e0855081c"
  integrity sha512-ct43jurbe7lsUX5eIrj4ijO3j/6zIPp7CDnFWXDs7UPAbw1Pu1iH3oAmFdP4jcskKJBURH5M9oTtyeiUXyHX8Q==

"@poppinss/object-builder@^1.1.0":
  version "1.1.0"
  resolved "https://registry.yarnpkg.com/@poppinss/object-builder/-/object-builder-1.1.0.tgz#a1266ef397a419cbe64be611373ccf5ba7f90ee4"
  integrity sha512-FOrOq52l7u8goR5yncX14+k+Ewi5djnrt1JwXeS/FvnwAPOiveFhiczCDuvXdssAwamtrV2hp5Rw9v+n2T7hQg==

"@poppinss/string@^1.3.0":
  version "1.6.0"
  resolved "https://registry.yarnpkg.com/@poppinss/string/-/string-1.6.0.tgz#3f88faf30a82f27a79d1cbaaaae1d0e24165d5e3"
  integrity sha512-HfAf9VqTvo31BsruwgwEauQ316RNODdryk6QgYZo4qTV50s0h1H9HmIr+QjwwI3u4Sz7r4Q1dd1EVaLB7pWlaw==
  dependencies:
    "@lukeed/ms" "^2.0.2"
    "@types/bytes" "^3.1.5"
    "@types/pluralize" "^0.0.33"
    bytes "^3.1.2"
    case-anything "^3.1.2"
    pluralize "^8.0.0"
    slugify "^1.6.6"
    truncatise "^0.0.8"

"@poppinss/utils@^6.9.2":
  version "6.9.4"
  resolved "https://registry.yarnpkg.com/@poppinss/utils/-/utils-6.9.4.tgz#9a0a1059d996d739d8995996654715ccaee63b9f"
  integrity sha512-KJe9/ebFBqb4fFBdadgN4YgT4bHAKdWhLAFzjaeDqx5vOCtD3C+byN5DrORVNbwAjt+rb8beP8pXaWZWx+WmTA==
  dependencies:
    "@poppinss/exception" "^1.2.1"
    "@poppinss/object-builder" "^1.1.0"
    "@poppinss/string" "^1.3.0"
    flattie "^1.1.1"
    safe-stable-stringify "^2.5.0"
    secure-json-parse "^4.0.0"

"@types/bytes@^3.1.5":
  version "3.1.5"
  resolved "https://registry.yarnpkg.com/@types/bytes/-/bytes-3.1.5.tgz#22fb92839f37bd5490e0dcd411999bb1c16ddaa0"
  integrity sha512-VgZkrJckypj85YxEsEavcMmmSOIzkUHqWmM4CCyia5dc54YwsXzJ5uT4fYxBQNEXx+oF1krlhgCbvfubXqZYsQ==

"@types/pluralize@^0.0.33":
  version "0.0.33"
  resolved "https://registry.yarnpkg.com/@types/pluralize/-/pluralize-0.0.33.tgz#8ad9018368c584d268667dd9acd5b3b806e8c82a"
  integrity sha512-JOqsl+ZoCpP4e8TDke9W79FDcSgPAR0l6pixx2JHkhnRjvShyYiAYw2LVsnA7K08Y6DeOnaU6ujmENO4os/cYg==

acorn@^8.14.0:
  version "8.15.0"
  resolved "https://registry.yarnpkg.com/acorn/-/acorn-8.15.0.tgz#a360898bc415edaac46c8241f6383975b930b816"
  integrity sha512-NZyJarBfL7nWwIq+FDL6Zp/yHEhePMNnnJ0y3qfieCrmNvYct8uvtiV41UvlSe6apAfk0fY1FbWx+NwfmpvtTg==

astring@^1.9.0:
  version "1.9.0"
  resolved "https://registry.yarnpkg.com/astring/-/astring-1.9.0.tgz#cc73e6062a7eb03e7d19c22d8b0b3451fd9bfeef"
  integrity sha512-LElXdjswlqjWrPpJFg1Fx4wpkOCxj1TDHlSV4PlaRxHGWko024xICaa97ZkMfs6DRKlCguiAI+rbXv5GWwXIkg==

bytes@^3.1.2:
  version "3.1.2"
  resolved "https://registry.yarnpkg.com/bytes/-/bytes-3.1.2.tgz#8b0beeb98605adf1b128fa4386403c009e0221a5"
  integrity sha512-/Nf7TyzTx6S3yRJObOAV7956r8cr2+Oj8AC5dt8wSP3BQAoeX58NoHyCU8P8zGkNXStjTSi6fzO6F0pBdcYbEg==

case-anything@^3.1.2:
  version "3.1.2"
  resolved "https://registry.yarnpkg.com/case-anything/-/case-anything-3.1.2.tgz#86ecac348602624d7d4dc5b6951e6bcf28246a13"
  integrity sha512-wljhAjDDIv/hM2FzgJnYQg90AWmZMNtESCjTeLH680qTzdo0nErlCxOmgzgX4ZsZAtIvqHyD87ES8QyriXB+BQ==

classnames@^2.5.1:
  version "2.5.1"
  resolved "https://registry.yarnpkg.com/classnames/-/classnames-2.5.1.tgz#ba774c614be0f016da105c858e7159eae8e7687b"
  integrity sha512-saHYOzhIQs6wy2sVxTM6bUDsQO4F50V9RQ22qBpEdCW+I+/Wmke2HOl6lS6dTpdxVhb88/I6+Hs+438c3lfUow==

data-uri-to-buffer@^4.0.0:
  version "4.0.1"
  resolved "https://registry.yarnpkg.com/data-uri-to-buffer/-/data-uri-to-buffer-4.0.1.tgz#d8feb2b2881e6a4f58c2e08acfd0e2834e26222e"
  integrity sha512-0R9ikRb668HB7QDxT1vkpuUBtqc53YyAwMwGeUFKRojY/NWKvdZ+9UYtRfGmhqNbRkTSVpMbmyhXipFFv2cb/A==

edge-error@^4.0.2:
  version "4.0.2"
  resolved "https://registry.yarnpkg.com/edge-error/-/edge-error-4.0.2.tgz#9444eaf54d1f92d88d330242865e9f913c992a60"
  integrity sha512-jB76VYn8wapDHKHSOmP3vbKLoa77RJYsTLNmfl8+cuCD69uxZtP3h+kqV+Prw/YkYmN7yHyp4IApE15pDByk0A==

edge-lexer@^6.0.3:
  version "6.0.3"
  resolved "https://registry.yarnpkg.com/edge-lexer/-/edge-lexer-6.0.3.tgz#7ed8cb7a4ddd949d6db4116368e533eae4863a21"
  integrity sha512-/s15CNnfhZv97bsW+ZgV5rtONULYjhCDYu+usbVLqZ8UQ6b/hQUNvQSIQBXA6Gql9dm72TMBB9sb/eWM2esufg==
  dependencies:
    edge-error "^4.0.2"

edge-parser@^9.0.4:
  version "9.0.4"
  resolved "https://registry.yarnpkg.com/edge-parser/-/edge-parser-9.0.4.tgz#bb2929740dfc25ad52c9b0a36d37728e333faac4"
  integrity sha512-vnjzfpqpjM4Mjt9typc1zLoFpC1F6kAObfcdyA6rSy+izIPji2RaQz5jWx5s5iG9hNcuyjtNyGRCLFVfoYhWcA==
  dependencies:
    acorn "^8.14.0"
    astring "^1.9.0"
    edge-error "^4.0.2"
    edge-lexer "^6.0.3"
    js-stringify "^1.0.2"

edge.js@^6.2.1:
  version "6.2.1"
  resolved "https://registry.yarnpkg.com/edge.js/-/edge.js-6.2.1.tgz#2bf186ee49bd72a0f4adc890e5dc3c2f0c0ac936"
  integrity sha512-me875zh6YA0V429hywgQIpHgMvQkondv5XHaP6EsL2yIBpLcBWCl7Ba1cai0SwYhp8iD0IyV3KjpxLrnW7S2Ag==
  dependencies:
    "@poppinss/inspect" "^1.0.1"
    "@poppinss/macroable" "^1.0.4"
    "@poppinss/utils" "^6.9.2"
    classnames "^2.5.1"
    edge-error "^4.0.2"
    edge-lexer "^6.0.3"
    edge-parser "^9.0.4"
    fs-readdir-recursive "^1.1.0"
    he "^1.2.0"
    js-stringify "^1.0.2"
    property-information "^6.5.0"
    stringify-attributes "^4.0.0"

escape-goat@^4.0.0:
  version "4.0.0"
  resolved "https://registry.yarnpkg.com/escape-goat/-/escape-goat-4.0.0.tgz#9424820331b510b0666b98f7873fe11ac4aa8081"
  integrity sha512-2Sd4ShcWxbx6OY1IHyla/CVNwvg7XwZVoXZHcSu9w9SReNP1EzzD5T8NWKIR38fIqEns9kDWKUQTXXAmlDrdPg==

fetch-blob@^3.1.2, fetch-blob@^3.1.4:
  version "3.2.0"
  resolved "https://registry.yarnpkg.com/fetch-blob/-/fetch-blob-3.2.0.tgz#f09b8d4bbd45adc6f0c20b7e787e793e309dcce9"
  integrity sha512-7yAQpD2UMJzLi1Dqv7qFYnPbaPx7ZfFK6PiIxQ4PfkGPyNyl2Ugx+a/umUonmKqjhM4DnfbMvdX6otXq83soQQ==
  dependencies:
    node-domexception "^1.0.0"
    web-streams-polyfill "^3.0.3"

flattie@^1.1.1:
  version "1.1.1"
  resolved "https://registry.yarnpkg.com/flattie/-/flattie-1.1.1.tgz#88182235723113667d36217fec55359275d6fe3d"
  integrity sha512-9UbaD6XdAL97+k/n+N7JwX46K/M6Zc6KcFYskrYL8wbBV/Uyk0CTAMY0VT+qiK5PM7AIc9aTWYtq65U7T+aCNQ==

formdata-polyfill@^4.0.10:
  version "4.0.10"
  resolved "https://registry.yarnpkg.com/formdata-polyfill/-/formdata-polyfill-4.0.10.tgz#24807c31c9d402e002ab3d8c720144ceb8848423"
  integrity sha512-buewHzMvYL29jdeQTVILecSaZKnt/RJWjoZCF5OW60Z67/GmSLBkOFM7qh1PI3zFNtJbaZL5eQu1vLfazOwj4g==
  dependencies:
    fetch-blob "^3.1.2"

fs-readdir-recursive@^1.1.0:
  version "1.1.0"
  resolved "https://registry.yarnpkg.com/fs-readdir-recursive/-/fs-readdir-recursive-1.1.0.tgz#e32fc030a2ccee44a6b5371308da54be0b397d27"
  integrity sha512-GNanXlVr2pf02+sPN40XN8HG+ePaNcvM0q5mZBd668Obwb0yD5GiUbZOFgwn8kGMY6I3mdyDJzieUy3PTYyTRA==

he@^1.2.0:
  version "1.2.0"
  resolved "https://registry.yarnpkg.com/he/-/he-1.2.0.tgz#84ae65fa7eafb165fddb61566ae14baf05664f0f"
  integrity sha512-F/1DnUGPopORZi0ni+CvrCgHQ5FyEAHRLSApuYWMmrbSwoN2Mn/7k+Gl38gJnR7yyDZk6WLXwiGod1JOWNDKGw==

js-stringify@^1.0.2:
  version "1.0.2"
  resolved "https://registry.yarnpkg.com/js-stringify/-/js-stringify-1.0.2.tgz#1736fddfd9724f28a3682adc6230ae7e4e9679db"
  integrity sha512-rtS5ATOo2Q5k1G+DADISilDA6lv79zIiwFd6CcjuIxGKLFm5C+RLImRscVap9k55i+MOZwgliw+NejvkLuGD5g==

node-domexception@^1.0.0:
  version "1.0.0"
  resolved "https://registry.yarnpkg.com/node-domexception/-/node-domexception-1.0.0.tgz#6888db46a1f71c0b76b3f7555016b63fe64766e5"
  integrity sha512-/jKZoMpw0F8GRwl4/eLROPA3cfcXtLApP0QzLmUT/HuPCZWyB7IY9ZrMeKw2O/nFIqPQB3PVM9aYm0F312AXDQ==

node-fetch@^3.3.2:
  version "3.3.2"
  resolved "https://registry.yarnpkg.com/node-fetch/-/node-fetch-3.3.2.tgz#d1e889bacdf733b4ff3b2b243eb7a12866a0b78b"
  integrity sha512-dRB78srN/l6gqWulah9SrxeYnxeddIG30+GOqK/9OlLVyLg3HPnr6SqOWTWOXKRwC2eGYCkZ59NNuSgvSrpgOA==
  dependencies:
    data-uri-to-buffer "^4.0.0"
    fetch-blob "^3.1.4"
    formdata-polyfill "^4.0.10"

pluralize@^8.0.0:
  version "8.0.0"
  resolved "https://registry.yarnpkg.com/pluralize/-/pluralize-8.0.0.tgz#1a6fa16a38d12a1901e0320fa017051c539ce3b1"
  integrity sha512-Nc3IT5yHzflTfbjgqWcCPpo7DaKy4FnpB0l/zCAW0Tc7jxAiuqSxHasntB3D7887LSrA93kDJ9IXovxJYxyLCA==

property-information@^6.5.0:
  version "6.5.0"
  resolved "https://registry.yarnpkg.com/property-information/-/property-information-6.5.0.tgz#6212fbb52ba757e92ef4fb9d657563b933b7ffec"
  integrity sha512-PgTgs/BlvHxOu8QuEN7wi5A0OmXaBcHpmCSTehcs6Uuu9IkDIEo13Hy7n898RHfrQ49vKCoGeWZSaAK01nwVig==

safe-stable-stringify@^2.5.0:
  version "2.5.0"
  resolved "https://registry.yarnpkg.com/safe-stable-stringify/-/safe-stable-stringify-2.5.0.tgz#4ca2f8e385f2831c432a719b108a3bf7af42a1dd"
  integrity sha512-b3rppTKm9T+PsVCBEOUR46GWI7fdOs00VKZ1+9c1EWDaDMvjQc6tUwuFyIprgGgTcWoVHSKrU8H31ZHA2e0RHA==

secure-json-parse@^4.0.0:
  version "4.0.0"
  resolved "https://registry.yarnpkg.com/secure-json-parse/-/secure-json-parse-4.0.0.tgz#2ee1b7581be38ab348bab5a3e49280ba80a89c85"
  integrity sha512-dxtLJO6sc35jWidmLxo7ij+Eg48PM/kleBsxpC8QJE0qJICe+KawkDQmvCMZUr9u7WKVHgMW6vy3fQ7zMiFZMA==

slugify@^1.6.6:
  version "1.6.6"
  resolved "https://registry.yarnpkg.com/slugify/-/slugify-1.6.6.tgz#2d4ac0eacb47add6af9e04d3be79319cbcc7924b"
  integrity sha512-h+z7HKHYXj6wJU+AnS/+IH8Uh9fdcX1Lrhg1/VMdf9PwoBQXFcXiAdsy2tSK0P6gKwJLXp02r90ahUCqHk9rrw==

steamapi@^3.1.1:
  version "3.1.1"
  resolved "https://registry.yarnpkg.com/steamapi/-/steamapi-3.1.1.tgz#c053f16b5cd75ff5aca022766ceb310bc8834a5f"
  integrity sha512-q+E2cMWlmq+V2WTeHQy1yXRMj0G/D4HsTWI3nWr+gAw3bbTX6dDwX5zWEau/8u8qU75tXd/tviaERth60HAnaA==
  dependencies:
    node-fetch "^3.3.2"
    steamid "^2.0.0"

steamid@^2.0.0:
  version "2.1.0"
  resolved "https://registry.yarnpkg.com/steamid/-/steamid-2.1.0.tgz#aa8cf11f21843aee63dead4903b1bd4f096df5c4"
  integrity sha512-ndt1cvuuSC+i8fcxVsmeyRlgGsR1QsoAuIXz+eabj8/Y4GIWE2+mgHA7Hys61JDHOxttfWtXHtN2m5TNYTlORg==

stringify-attributes@^4.0.0:
  version "4.0.0"
  resolved "https://registry.yarnpkg.com/stringify-attributes/-/stringify-attributes-4.0.0.tgz#d5aedadab189706fd1c211b2c6af8deaef810bc2"
  integrity sha512-6Hq3K153wTTfhEHb4V/viuqmb0DRn08JCrRnmqc4Q/tmoNuvd4DEyqkiiJXtvVz8ZSUhlCQr7zCpCVTgrelesg==
  dependencies:
    escape-goat "^4.0.0"

truncatise@^0.0.8:
  version "0.0.8"
  resolved "https://registry.yarnpkg.com/truncatise/-/truncatise-0.0.8.tgz#06514a0e98c57924f0c2d4ebaf7ff7a5f16ef39a"
  integrity sha512-cXzueh9pzBCsLzhToB4X4gZCb3KYkrsAcBAX97JnazE74HOl3cpBJYEV7nabHeG/6/WXCU5Yujlde/WPBUwnsg==

web-streams-polyfill@^3.0.3:
  version "3.3.3"
  resolved "https://registry.yarnpkg.com/web-streams-polyfill/-/web-streams-polyfill-3.3.3.tgz#2073b91a2fdb1fbfbd401e7de0ac9f8214cecb4b"
  integrity sha512-d2JWLCivmZYTSIoge9MsgFCZrt571BikcWGYkjC1khllbTeDlGqZ2D8vD8E/lJa8WGWbb7Plm8/XJYV7IJHZZw==
